
Microsoft Visual Studio Solution File, Format Version 12.00
# Visual Studio Version 17
VisualStudioVersion = 17.11.35303.130
MinimumVisualStudioVersion = 10.0.40219.1
Project("{FAE04EC0-301F-11D3-BF4B-00C04F79EFBC}") = "LB3_Blog", "LB3_Blog\LB3_Blog.csproj", "{1F3B724E-E573-43FA-BA45-703440C555C1}"
EndProject
Global
	GlobalSection(SolutionConfigurationPlatforms) = preSolution
		Debug|Any CPU = Debug|Any CPU
		Release|Any CPU = Release|Any CPU
	EndGlobalSection
	GlobalSection(ProjectConfigurationPlatforms) = postSolution
		{1F3B724E-E573-43FA-BA45-703440C555C1}.Debug|Any CPU.ActiveCfg = Debug|Any CPU
		{1F3B724E-E573-43FA-BA45-703440C555C1}.Debug|Any CPU.Build.0 = Debug|Any CPU
		{1F3B724E-E573-43FA-BA45-703440C555C1}.Release|Any CPU.ActiveCfg = Release|Any CPU
		{1F3B724E-E573-43FA-BA45-703440C555C1}.Release|Any CPU.Build.0 = Release|Any CPU
	EndGlobalSection
	GlobalSection(SolutionProperties) = preSolution
		HideSolutionNode = FALSE
	EndGlobalSection
	GlobalSection(ExtensibilityGlobals) = postSolution
		SolutionGuid = {5C00DDA7-EF33-4791-BF19-D13613F0C0AA}
	EndGlobalSection
EndGlobal
